
Microsoft Visual Studio Solution File, Format Version 12.00
# Visual Studio 15
VisualStudioVersion = 15.0.28307.852
MinimumVisualStudioVersion = 10.0.40219.1
Project("{FAE04EC0-301F-11D3-BF4B-00C04F79EFBC}") = "Exceptions_1", "Exceptions_1\Exceptions_1.csproj", "{0F571512-1757-41BC-95D9-06E4CEB5700D}"
EndProject
Project("{FAE04EC0-301F-11D3-BF4B-00C04F79EFBC}") = "Exceptions_2", "Exceptions_2\Exceptions_2.csproj", "{6649C0CE-8E26-488B-ACB4-EF7989CEBB4F}"
EndProject
Project("{FAE04EC0-301F-11D3-BF4B-00C04F79EFBC}") = "Exception_2_Prog", "Exception_2_Prog\Exception_2_Prog.csproj", "{FE8AB219-FE97-4850-A417-0C235AFDA5DF}"
EndProject
Global
	GlobalSection(SolutionConfigurationPlatforms) = preSolution
		Debug|Any CPU = Debug|Any CPU
		Release|Any CPU = Release|Any CPU
	EndGlobalSection
	GlobalSection(ProjectConfigurationPlatforms) = postSolution
		{0F571512-1757-41BC-95D9-06E4CEB5700D}.Debug|Any CPU.ActiveCfg = Debug|Any CPU
		{0F571512-1757-41BC-95D9-06E4CEB5700D}.Debug|Any CPU.Build.0 = Debug|Any CPU
		{0F571512-1757-41BC-95D9-06E4CEB5700D}.Release|Any CPU.ActiveCfg = Release|Any CPU
		{0F571512-1757-41BC-95D9-06E4CEB5700D}.Release|Any CPU.Build.0 = Release|Any CPU
		{6649C0CE-8E26-488B-ACB4-EF7989CEBB4F}.Debug|Any CPU.ActiveCfg = Debug|Any CPU
		{6649C0CE-8E26-488B-ACB4-EF7989CEBB4F}.Debug|Any CPU.Build.0 = Debug|Any CPU
		{6649C0CE-8E26-488B-ACB4-EF7989CEBB4F}.Release|Any CPU.ActiveCfg = Release|Any CPU
		{6649C0CE-8E26-488B-ACB4-EF7989CEBB4F}.Release|Any CPU.Build.0 = Release|Any CPU
		{FE8AB219-FE97-4850-A417-0C235AFDA5DF}.Debug|Any CPU.ActiveCfg = Debug|Any CPU
		{FE8AB219-FE97-4850-A417-0C235AFDA5DF}.Debug|Any CPU.Build.0 = Debug|Any CPU
		{FE8AB219-FE97-4850-A417-0C235AFDA5DF}.Release|Any CPU.ActiveCfg = Release|Any CPU
		{FE8AB219-FE97-4850-A417-0C235AFDA5DF}.Release|Any CPU.Build.0 = Release|Any CPU
	EndGlobalSection
	GlobalSection(SolutionProperties) = preSolution
		HideSolutionNode = FALSE
	EndGlobalSection
	GlobalSection(ExtensibilityGlobals) = postSolution
		SolutionGuid = {9F960DB1-4809-4B32-B1F2-70EE7B141B0A}
	EndGlobalSection
EndGlobal
